
Microsoft Visual Studio Solution File, Format Version 12.00
# Visual Studio Version 17
VisualStudioVersion = 17.0.32112.339
MinimumVisualStudioVersion = 10.0.40219.1
Project("{9A19103F-16F7-4668-BE54-9A1E7A4F7556}") = "Ocelot.Provider.SqlServer", "Ocelot.Provider.SqlServer\Ocelot.Provider.SqlServer.csproj", "{EDB1BF60-9F89-412D-AD8A-0897EAF83338}"
EndProject
Project("{9A19103F-16F7-4668-BE54-9A1E7A4F7556}") = "SampleApiGateway", "SampleApiGateway\SampleApiGateway.csproj", "{65E55818-6FD6-4C79-B90D-2CEE56BF9A3D}"
EndProject
Project("{FAE04EC0-301F-11D3-BF4B-00C04F79EFBC}") = "SampleApi", "SampleApi\SampleApi.csproj", "{63C0E17A-9E9C-4BF4-996B-932D08DFA530}"
EndProject
Global
	GlobalSection(SolutionConfigurationPlatforms) = preSolution
		Debug|Any CPU = Debug|Any CPU
		Release|Any CPU = Release|Any CPU
	EndGlobalSection
	GlobalSection(ProjectConfigurationPlatforms) = postSolution
		{EDB1BF60-9F89-412D-AD8A-0897EAF83338}.Debug|Any CPU.ActiveCfg = Debug|Any CPU
		{EDB1BF60-9F89-412D-AD8A-0897EAF83338}.Debug|Any CPU.Build.0 = Debug|Any CPU
		{EDB1BF60-9F89-412D-AD8A-0897EAF83338}.Release|Any CPU.ActiveCfg = Release|Any CPU
		{EDB1BF60-9F89-412D-AD8A-0897EAF83338}.Release|Any CPU.Build.0 = Release|Any CPU
		{65E55818-6FD6-4C79-B90D-2CEE56BF9A3D}.Debug|Any CPU.ActiveCfg = Debug|Any CPU
		{65E55818-6FD6-4C79-B90D-2CEE56BF9A3D}.Debug|Any CPU.Build.0 = Debug|Any CPU
		{65E55818-6FD6-4C79-B90D-2CEE56BF9A3D}.Release|Any CPU.ActiveCfg = Release|Any CPU
		{65E55818-6FD6-4C79-B90D-2CEE56BF9A3D}.Release|Any CPU.Build.0 = Release|Any CPU
		{63C0E17A-9E9C-4BF4-996B-932D08DFA530}.Debug|Any CPU.ActiveCfg = Debug|Any CPU
		{63C0E17A-9E9C-4BF4-996B-932D08DFA530}.Debug|Any CPU.Build.0 = Debug|Any CPU
		{63C0E17A-9E9C-4BF4-996B-932D08DFA530}.Release|Any CPU.ActiveCfg = Release|Any CPU
		{63C0E17A-9E9C-4BF4-996B-932D08DFA530}.Release|Any CPU.Build.0 = Release|Any CPU
	EndGlobalSection
	GlobalSection(SolutionProperties) = preSolution
		HideSolutionNode = FALSE
	EndGlobalSection
	GlobalSection(ExtensibilityGlobals) = postSolution
		SolutionGuid = {90789FD3-2C11-4F90-85AD-04F39ECCB38D}
	EndGlobalSection
EndGlobal
